
Microsoft Visual Studio Solution File, Format Version 12.00
# Visual Studio 2012
Project("{FAE04EC0-301F-11D3-BF4B-00C04F79EFBC}") = "FWS.TTDKGDTS.ImportTool", "FWS.TTDKGDTS.ImportTool.csproj", "{95624189-FC6C-4E4C-BE65-8EB1ABA77DD1}"
EndProject
Global
	GlobalSection(SolutionConfigurationPlatforms) = preSolution
		Debug|x86 = Debug|x86
		Release|x86 = Release|x86
	EndGlobalSection
	GlobalSection(ProjectConfigurationPlatforms) = postSolution
		{95624189-FC6C-4E4C-BE65-8EB1ABA77DD1}.Debug|x86.ActiveCfg = Debug|x86
		{95624189-FC6C-4E4C-BE65-8EB1ABA77DD1}.Debug|x86.Build.0 = Debug|x86
		{95624189-FC6C-4E4C-BE65-8EB1ABA77DD1}.Release|x86.ActiveCfg = Debug|x86
		{95624189-FC6C-4E4C-BE65-8EB1ABA77DD1}.Release|x86.Build.0 = Debug|x86
	EndGlobalSection
	GlobalSection(SolutionProperties) = preSolution
		HideSolutionNode = FALSE
	EndGlobalSection
EndGlobal
